{
    "_meta": {
        "hash": {
            "sha256": "f92a9060f9cd6d11b3271b7c2c44f228c40db6d1fcf08915de69c80f43712ecf"
        },
        "pipfile-spec": 6,
        "requires": {
            "python_version": "3.10"
        },
        "sources": [
            {
                "name": "pypi",
                "url": "https://pypi.org/simple",
                "verify_ssl": true
            }
        ]
    },
    "default": {
        "altgraph": {
            "hashes": [
                "sha256:ad33358114df7c9416cdb8fa1eaa5852166c505118717021c6a8c7c7abbd03dd",
                "sha256:c8ac1ca6772207179ed8003ce7687757c04b0b71536f81e2ac5755c6226458fe"
            ],
            "version": "==0.17.3"
        },
        "pefile": {
            "hashes": [
                "sha256:82e6114004b3d6911c77c3953e3838654b04511b8b66e8583db70c65998017dc",
                "sha256:da185cd2af68c08a6cd4481f7325ed600a88f6a813bad9dea07ab3ef73d8d8d6"
            ],
            "markers": "sys_platform == 'win32'",
            "version": "==2023.2.7"
        },
        "pyinstaller": {
            "hashes": [
                "sha256:2f70e2d9b032e5f24a336f41affcb4624e66a84cd863ba58f6a92bd6040653bb",
                "sha256:303952c2a8ece894b655c2a0783a0bdc844282f47790707446bde3eaf355f0da",
                "sha256:3605ac72311318455907a88efb4a4b334b844659673a2a371bbaac2d8b52843a",
                "sha256:62d75bb70cdbeea1a0d55067d7201efa2f7d7c19e56c241291c03d551b531684",
                "sha256:7eed9996c12aeee7530cbc7c57350939f46391ecf714ac176579190dbd3ec7bf",
                "sha256:92eeacd052092a0a4368f50ddecbeb6e020b5a70cdf113243fbd6bd8ee25524e",
                "sha256:96ad645347671c9fce190506c09523c02f01a503fe3ea65f79bb0cfe22a8c83e",
                "sha256:a1c2667120730604c3ad1e0739a45bb72ca4a502a91e2f5c5b220fbfbb05f0d4",
                "sha256:b64d8a3056e6c7e4ed4d1f95e793ef401bf5b166ef00ad544b5812be0ac63b4b",
                "sha256:c3ceb6c3a34b9407ba16fb68a32f83d5fd94f21d43d9fe38d8f752feb75ca5bb",
                "sha256:d14c1c2b753af5efed96584f075a6740ea634ca55789113d325dc8c32aef50fe",
                "sha256:edcb6eb6618f3b763c11487db1d3516111d54bd5598b9470e295c1f628a95496"
            ],
            "index": "pypi",
            "version": "==5.12.0"
        },
        "pyinstaller-hooks-contrib": {
            "hashes": [
                "sha256:062ad7a1746e1cfc24d3a8c4be4e606fced3b123bda7d419f14fcf7507804b07",
                "sha256:bb39e1038e3e0972420455e0b39cd9dce73f3d80acaf4bf2b3615fea766ff370"
            ],
            "markers": "python_version >= '3.7'",
            "version": "==2023.3"
        },
        "pysimplegui": {
            "hashes": [
                "sha256:004f33311ee685a5287fad54f500f7290b40d7c806044e478b1384f85dedce64",
                "sha256:31014d1cc5eef1373d7e93564ff2604662645cc774a939b1f01aa253e7f9d78b"
            ],
            "index": "pypi",
            "version": "==4.60.5"
        },
        "pywin32-ctypes": {
            "hashes": [
                "sha256:24ffc3b341d457d48e8922352130cf2644024a4ff09762a2261fd34c36ee5942",
                "sha256:9dc2d991b3479cc2df15930958b674a48a227d5361d413827a4cfd0b5876fc98"
            ],
            "markers": "sys_platform == 'win32'",
            "version": "==0.2.0"
        },
        "setuptools": {
            "hashes": [
                "sha256:5df61bf30bb10c6f756eb19e7c9f3b473051f48db77fddbe06ff2ca307df9a6f",
                "sha256:62642358adc77ffa87233bc4d2354c4b2682d214048f500964dbe760ccedf102"
            ],
            "markers": "python_version >= '3.7'",
            "version": "==67.8.0"
        }
    },
    "develop": {}
}
